
Microsoft Visual Studio Solution File, Format Version 12.00
# Visual Studio 15
VisualStudioVersion = 15.0.27428.2043
MinimumVisualStudioVersion = 10.0.40219.1
Project("{FAE04EC0-301F-11D3-BF4B-00C04F79EFBC}") = "Class_Object_Method_Exercise", "Class_Object_Method_Exercise\Class_Object_Method_Exercise.csproj", "{C1DE35DC-DD85-4A02-891A-F8EA0A52A187}"
EndProject
Global
	GlobalSection(SolutionConfigurationPlatforms) = preSolution
		Debug|Any CPU = Debug|Any CPU
		Release|Any CPU = Release|Any CPU
	EndGlobalSection
	GlobalSection(ProjectConfigurationPlatforms) = postSolution
		{C1DE35DC-DD85-4A02-891A-F8EA0A52A187}.Debug|Any CPU.ActiveCfg = Debug|Any CPU
		{C1DE35DC-DD85-4A02-891A-F8EA0A52A187}.Debug|Any CPU.Build.0 = Debug|Any CPU
		{C1DE35DC-DD85-4A02-891A-F8EA0A52A187}.Release|Any CPU.ActiveCfg = Release|Any CPU
		{C1DE35DC-DD85-4A02-891A-F8EA0A52A187}.Release|Any CPU.Build.0 = Release|Any CPU
	EndGlobalSection
	GlobalSection(SolutionProperties) = preSolution
		HideSolutionNode = FALSE
	EndGlobalSection
	GlobalSection(ExtensibilityGlobals) = postSolution
		SolutionGuid = {91AE5E45-51E9-4CA8-8D05-8D6594C2D3A8}
	EndGlobalSection
EndGlobal
